github.com/davecgh/go-spew v1.1.0 h1:ZDRjVQ15GmhC3fiQ8ni8+OwkZQO4DARzQgrnXU1Liz8=
github.com/davecgh/go-spew v1.1.0/go.mod h1:J7Y8YcW2NihsgmVo/mv3lAwl/skON4iLHjSsI+c5H38=
github.com/fsnotify/fsnotify v1.10.1 h1:b0/UzAf9yR5rhf3RPm9gf3ehBPpf0oZKIjtpKrx59Ho=
github.com/fsnotify/fsnotify v1.10.1/go.mod h1:TLheqan6HD6GBK6PrDWyDPBaEV8LspOxvPSjC+bVfgo=
github.com/go-mix/mix v0.0.4-0.20200514171108-2b1f7c9fd625 h1:j8huy7PgwB9SYJ5ZwGSF07/8MR7BXlpqDGMr1oSDxEI=
github.com/go-mix/mix v0.0.4-0.20200514171108-2b1f7c9fd625/go.mod h1:WPMB5iQarOfQUrcA2EPaAmwm+5/f5l7xH8Ag/9CrW8Y=
github.com/krig/go-sox v0.0.0-20180617124112-7d2f8ae31981 h1:ir4NRMjkkSP63kAOiFDTQN3dcs0o6c0f1cfpe9V8JT0=
github.com/krig/go-sox v0.0.0-20180617124112-7d2f8ae31981/go.mod h1:0uPmTzngejep+JBRxvlmijKKMexuskpMCzWFp+oFzc4=
github.com/pmezard/go-difflib v1.0.0 h1:4DBwDE0NGyQoBHbLQYPwSUPoCMWR5BEzIk/f1lZbAQM=
github.com/pmezard/go-difflib v1.0.0/go.mod h1:iKH77koFhYxTK1pcRnkKkqfTogsbg7gZNVY4sRDYZ/4=
github.com/stretchr/objx v0.1.0/go.mod h1:HFkY916IF+rwdDfMAkV7OtwuqBVzrE8GR6GFx+wExME=
github.com/stretchr/testify v1.4.0 h1:2E4SXV/wtOkTonXsotYi4li6zVWxYlZuYNCXe9XRJyk=
github.com/stretchr/testify v1.4.0/go.mod h1:j7eGeouHqKxXV5pUuKE4zz7dFj8WfuZ+81PSLYec5m4=
github.com/youpy/go-riff v0.0.0-20131220112943-557d78c11efb h1:RDh7U5Di6o7fblIBe7rVi9KnrcOXUbLwvvLLdP2InSI=
github.com/youpy/go-riff v0.0.0-20131220112943-557d78c11efb/go.mod h1:83nxdDV4Z9RzrTut9losK7ve4hUnxUR8ASSz4BsKXwQ=
github.com/yuin/gopher-lua v1.1.2 h1:yF/FjE3hD65tBbt0VXLE13HWS9h34fdzJmrWRXwobGA=
github.com/yuin/gopher-lua v1.1.2/go.mod h1:7aRmXIWl37SqRf0koeyylBEzJ+aPt8A+mmkQ4f1ntR8=
golang.org/x/sys v0.13.0 h1:Af8nKPmuFypiUBjVoU9V20FiaFXOcuZI21p0ycVYYGE=
golang.org/x/sys v0.13.0/go.mod h1:oPkhp1MJrh7nUepCBck5+mAzfO9JrbApNNgaTdGDITg=
gopkg.in/check.v1 v0.0.0-20161208181325-20d25e280405/go.mod h1:Co6ibVJAznAaIkqp8huTwlJQCZ016jof/cbN4VW5Yz0=
gopkg.in/mix.v0 v0.0.6 h1:9IUeUkcSGVuca+RlYsDfejVQL3dztMmZTGTAyMjLWWk=
gopkg.in/mix.v0 v0.0.6/go.mod h1:MSbQa6rk6/7sXMExJMYsJyMzFQN9qUbWbr9zaiuHTp4=
gopkg.in/pkg/profile.v1 v1.3.0/go.mod h1:knhHpoyiu3zB9bR/uG9+s8jTFrCOFA3g9Xkh/NCDzJ4=
gopkg.in/yaml.v2 v2.2.2 h1:ZCJp+EgiOT7lHqUV2J862kp8Qj64Jo6az82+3Td9dZw=
gopkg.in/yaml.v2 v2.2.2/go.mod h1:hI93XBmqTisBFMUTm0b8Fm+jr3Dg1NNxqwp+5A1VGuI=
